
Microsoft Visual Studio Solution File, Format Version 12.00
# Visual Studio Version 17
VisualStudioVersion = 17.0.31903.59
MinimumVisualStudioVersion = 10.0.40219.1
Project("{FAE04EC0-301F-11D3-BF4B-00C04F79EFBC}") = "Streeta.API", "Streeta.API\Streeta.API.csproj", "{6C1B5CC0-A8D1-4A73-8FF3-3A7EDFF69BFD}"
EndProject
Global
	GlobalSection(SolutionConfigurationPlatforms) = preSolution
		Debug|Any CPU = Debug|Any CPU
		Release|Any CPU = Release|Any CPU
	EndGlobalSection
	GlobalSection(SolutionProperties) = preSolution
		HideSolutionNode = FALSE
	EndGlobalSection
	GlobalSection(ProjectConfigurationPlatforms) = postSolution
		{6C1B5CC0-A8D1-4A73-8FF3-3A7EDFF69BFD}.Debug|Any CPU.ActiveCfg = Debug|Any CPU
		{6C1B5CC0-A8D1-4A73-8FF3-3A7EDFF69BFD}.Debug|Any CPU.Build.0 = Debug|Any CPU
		{6C1B5CC0-A8D1-4A73-8FF3-3A7EDFF69BFD}.Release|Any CPU.ActiveCfg = Release|Any CPU
		{6C1B5CC0-A8D1-4A73-8FF3-3A7EDFF69BFD}.Release|Any CPU.Build.0 = Release|Any CPU
	EndGlobalSection
EndGlobal
